
Microsoft Visual Studio Solution File, Format Version 12.00
# Visual Studio Version 17
VisualStudioVersion = 17.0.31903.59
MinimumVisualStudioVersion = 10.0.40219.1
Project("{FAE04EC0-301F-11D3-BF4B-00C04F79EFBC}") = "FoodAi.Api", "FoodAi.Api\FoodAi.Api.csproj", "{0D7600CA-1EBF-4A2E-86A3-D6612912B5A1}"
EndProject
Project("{FAE04EC0-301F-11D3-BF4B-00C04F79EFBC}") = "FoodAi.Domain", "FoodAi.Domain\FoodAi.Domain.csproj", "{F57E54C3-FC41-4302-94FA-494C52676258}"
EndProject
Project("{FAE04EC0-301F-11D3-BF4B-00C04F79EFBC}") = "FoodAi.Api.Tests", "FoodAi.Api.Tests\FoodAi.Api.Tests.csproj", "{45E92636-5610-4E28-AFB1-52B07E8DBC01}"
EndProject
Global
	GlobalSection(SolutionConfigurationPlatforms) = preSolution
		Debug|Any CPU = Debug|Any CPU
		Debug|x64 = Debug|x64
		Debug|x86 = Debug|x86
		Release|Any CPU = Release|Any CPU
		Release|x64 = Release|x64
		Release|x86 = Release|x86
	EndGlobalSection
	GlobalSection(ProjectConfigurationPlatforms) = postSolution
		{0D7600CA-1EBF-4A2E-86A3-D6612912B5A1}.Debug|Any CPU.ActiveCfg = Debug|Any CPU
		{0D7600CA-1EBF-4A2E-86A3-D6612912B5A1}.Debug|Any CPU.Build.0 = Debug|Any CPU
		{0D7600CA-1EBF-4A2E-86A3-D6612912B5A1}.Debug|x64.ActiveCfg = Debug|Any CPU
		{0D7600CA-1EBF-4A2E-86A3-D6612912B5A1}.Debug|x64.Build.0 = Debug|Any CPU
		{0D7600CA-1EBF-4A2E-86A3-D6612912B5A1}.Debug|x86.ActiveCfg = Debug|Any CPU
		{0D7600CA-1EBF-4A2E-86A3-D6612912B5A1}.Debug|x86.Build.0 = Debug|Any CPU
		{0D7600CA-1EBF-4A2E-86A3-D6612912B5A1}.Release|Any CPU.ActiveCfg = Release|Any CPU
		{0D7600CA-1EBF-4A2E-86A3-D6612912B5A1}.Release|Any CPU.Build.0 = Release|Any CPU
		{0D7600CA-1EBF-4A2E-86A3-D6612912B5A1}.Release|x64.ActiveCfg = Release|Any CPU
		{0D7600CA-1EBF-4A2E-86A3-D6612912B5A1}.Release|x64.Build.0 = Release|Any CPU
		{0D7600CA-1EBF-4A2E-86A3-D6612912B5A1}.Release|x86.ActiveCfg = Release|Any CPU
		{0D7600CA-1EBF-4A2E-86A3-D6612912B5A1}.Release|x86.Build.0 = Release|Any CPU
		{F57E54C3-FC41-4302-94FA-494C52676258}.Debug|Any CPU.ActiveCfg = Debug|Any CPU
		{F57E54C3-FC41-4302-94FA-494C52676258}.Debug|Any CPU.Build.0 = Debug|Any CPU
		{F57E54C3-FC41-4302-94FA-494C52676258}.Debug|x64.ActiveCfg = Debug|Any CPU
		{F57E54C3-FC41-4302-94FA-494C52676258}.Debug|x64.Build.0 = Debug|Any CPU
		{F57E54C3-FC41-4302-94FA-494C52676258}.Debug|x86.ActiveCfg = Debug|Any CPU
		{F57E54C3-FC41-4302-94FA-494C52676258}.Debug|x86.Build.0 = Debug|Any CPU
		{F57E54C3-FC41-4302-94FA-494C52676258}.Release|Any CPU.ActiveCfg = Release|Any CPU
		{F57E54C3-FC41-4302-94FA-494C52676258}.Release|Any CPU.Build.0 = Release|Any CPU
		{F57E54C3-FC41-4302-94FA-494C52676258}.Release|x64.ActiveCfg = Release|Any CPU
		{F57E54C3-FC41-4302-94FA-494C52676258}.Release|x64.Build.0 = Release|Any CPU
		{F57E54C3-FC41-4302-94FA-494C52676258}.Release|x86.ActiveCfg = Release|Any CPU
		{F57E54C3-FC41-4302-94FA-494C52676258}.Release|x86.Build.0 = Release|Any CPU
		{45E92636-5610-4E28-AFB1-52B07E8DBC01}.Debug|Any CPU.ActiveCfg = Debug|Any CPU
		{45E92636-5610-4E28-AFB1-52B07E8DBC01}.Debug|Any CPU.Build.0 = Debug|Any CPU
		{45E92636-5610-4E28-AFB1-52B07E8DBC01}.Debug|x64.ActiveCfg = Debug|Any CPU
		{45E92636-5610-4E28-AFB1-52B07E8DBC01}.Debug|x64.Build.0 = Debug|Any CPU
		{45E92636-5610-4E28-AFB1-52B07E8DBC01}.Debug|x86.ActiveCfg = Debug|Any CPU
		{45E92636-5610-4E28-AFB1-52B07E8DBC01}.Debug|x86.Build.0 = Debug|Any CPU
		{45E92636-5610-4E28-AFB1-52B07E8DBC01}.Release|Any CPU.ActiveCfg = Release|Any CPU
		{45E92636-5610-4E28-AFB1-52B07E8DBC01}.Release|Any CPU.Build.0 = Release|Any CPU
		{45E92636-5610-4E28-AFB1-52B07E8DBC01}.Release|x64.ActiveCfg = Release|Any CPU
		{45E92636-5610-4E28-AFB1-52B07E8DBC01}.Release|x64.Build.0 = Release|Any CPU
		{45E92636-5610-4E28-AFB1-52B07E8DBC01}.Release|x86.ActiveCfg = Release|Any CPU
		{45E92636-5610-4E28-AFB1-52B07E8DBC01}.Release|x86.Build.0 = Release|Any CPU
	EndGlobalSection
	GlobalSection(SolutionProperties) = preSolution
		HideSolutionNode = FALSE
	EndGlobalSection
EndGlobal
